// !$*UTF8*$!
{
	archiveVersion = 1;
	classes = {
	};
	objectVersion = 46;
	objects = {

/* Begin PBXBuildFile section */
		D71DCDAE1BB828DD00FAF68D /* ModelTestTests.swift in Sources */ = {isa = PBXBuildFile; fileRef = D71DCDAD1BB828DD00FAF68D /* ModelTestTests.swift */; };
		D71DCDB91BB828DD00FAF68D /* ModelTestUITests.swift in Sources */ = {isa = PBXBuildFile; fileRef = D71DCDB81BB828DD00FAF68D /* ModelTestUITests.swift */; };
		D75964D31C1C0DF6002F05B1 /* Assets.xcassets in Resources */ = {isa = PBXBuildFile; fileRef = D75964C51C1C0DF6002F05B1 /* Assets.xcassets */; };
		D75964D41C1C0DF6002F05B1 /* LaunchScreen.storyboard in Resources */ = {isa = PBXBuildFile; fileRef = D75964C71C1C0DF6002F05B1 /* LaunchScreen.storyboard */; };
		D75964D51C1C0DF6002F05B1 /* Main.storyboard in Resources */ = {isa = PBXBuildFile; fileRef = D75964C81C1C0DF6002F05B1 /* Main.storyboard */; };
		D75964D71C1C0DF6002F05B1 /* AppDelegate.swift in Sources */ = {isa = PBXBuildFile; fileRef = D75964CC1C1C0DF6002F05B1 /* AppDelegate.swift */; };
		D75964D81C1C0DF6002F05B1 /* Book.swift in Sources */ = {isa = PBXBuildFile; fileRef = D75964CE1C1C0DF6002F05B1 /* Book.swift */; };
		D75964D91C1C0DF6002F05B1 /* Service.swift in Sources */ = {isa = PBXBuildFile; fileRef = D75964D01C1C0DF6002F05B1 /* Service.swift */; };
		D75964DA1C1C0DF6002F05B1 /* ViewController.swift in Sources */ = {isa = PBXBuildFile; fileRef = D75964D21C1C0DF6002F05B1 /* ViewController.swift */; };
/* End PBXBuildFile section */

/* Begin PBXContainerItemProxy section */
		D71DCDAA1BB828DD00FAF68D /* PBXContainerItemProxy */ = {
			isa = PBXContainerItemProxy;
			containerPortal = D71DCD8A1BB828DD00FAF68D /* Project object */;
			proxyType = 1;
			remoteGlobalIDString = D71DCD911BB828DD00FAF68D;
			remoteInfo = ModelTest;
		};
		D71DCDB51BB828DD00FAF68D /* PBXContainerItemProxy */ = {
			isa = PBXContainerItemProxy;
			containerPortal = D71DCD8A1BB828DD00FAF68D /* Project object */;
			proxyType = 1;
			remoteGlobalIDString = D71DCD911BB828DD00FAF68D;
			remoteInfo = ModelTest;
		};
/* End PBXContainerItemProxy section */

/* Begin PBXFileReference section */
		D71DCD921BB828DD00FAF68D /* ModelTest.app */ = {isa = PBXFileReference; explicitFileType = wrapper.application; includeInIndex = 0; path = ModelTest.app; sourceTree = BUILT_PRODUCTS_DIR; };
		D71DCDA91BB828DD00FAF68D /* ModelTestTests.xctest */ = {isa = PBXFileReference; explicitFileType = wrapper.cfbundle; includeInIndex = 0; path = ModelTestTests.xctest; sourceTree = BUILT_PRODUCTS_DIR; };
		D71DCDAD1BB828DD00FAF68D /* ModelTestTests.swift */ = {isa = PBXFileReference; lastKnownFileType = sourcecode.swift; path = ModelTestTests.swift; sourceTree = "<group>"; };
		D71DCDAF1BB828DD00FAF68D /* Info.plist */ = {isa = PBXFileReference; lastKnownFileType = text.plist.xml; path = Info.plist; sourceTree = "<group>"; };
		D71DCDB41BB828DD00FAF68D /* ModelTestUITests.xctest */ = {isa = PBXFileReference; explicitFileType = wrapper.cfbundle; includeInIndex = 0; path = ModelTestUITests.xctest; sourceTree = BUILT_PRODUCTS_DIR; };
		D71DCDB81BB828DD00FAF68D /* ModelTestUITests.swift */ = {isa = PBXFileReference; lastKnownFileType = sourcecode.swift; path = ModelTestUITests.swift; sourceTree = "<group>"; };
		D71DCDBA1BB828DD00FAF68D /* Info.plist */ = {isa = PBXFileReference; lastKnownFileType = text.plist.xml; path = Info.plist; sourceTree = "<group>"; };
		D75964C51C1C0DF6002F05B1 /* Assets.xcassets */ = {isa = PBXFileReference; lastKnownFileType = folder.assetcatalog; path = Assets.xcassets; sourceTree = "<group>"; };
		D75964C71C1C0DF6002F05B1 /* LaunchScreen.storyboard */ = {isa = PBXFileReference; fileEncoding = 4; lastKnownFileType = file.storyboard; path = LaunchScreen.storyboard; sourceTree = "<group>"; };
		D75964C81C1C0DF6002F05B1 /* Main.storyboard */ = {isa = PBXFileReference; fileEncoding = 4; lastKnownFileType = file.storyboard; path = Main.storyboard; sourceTree = "<group>"; };
		D75964CA1C1C0DF6002F05B1 /* Info.plist */ = {isa = PBXFileReference; fileEncoding = 4; lastKnownFileType = text.plist.xml; path = Info.plist; sourceTree = "<group>"; };
		D75964CC1C1C0DF6002F05B1 /* AppDelegate.swift */ = {isa = PBXFileReference; fileEncoding = 4; lastKnownFileType = sourcecode.swift; path = AppDelegate.swift; sourceTree = "<group>"; };
		D75964CE1C1C0DF6002F05B1 /* Book.swift */ = {isa = PBXFileReference; fileEncoding = 4; lastKnownFileType = sourcecode.swift; path = Book.swift; sourceTree = "<group>"; };
		D75964D01C1C0DF6002F05B1 /* Service.swift */ = {isa = PBXFileReference; fileEncoding = 4; lastKnownFileType = sourcecode.swift; path = Service.swift; sourceTree = "<group>"; };
		D75964D21C1C0DF6002F05B1 /* ViewController.swift */ = {isa = PBXFileReference; fileEncoding = 4; lastKnownFileType = sourcecode.swift; path = ViewController.swift; sourceTree = "<group>"; };
/* End PBXFileReference section */

/* Begin PBXFrameworksBuildPhase section */
		D71DCD8F1BB828DD00FAF68D /* Frameworks */ = {
			isa = PBXFrameworksBuildPhase;
			buildActionMask = 2147483647;
			files = (
			);
			runOnlyForDeploymentPostprocessing = 0;
		};
		D71DCDA61BB828DD00FAF68D /* Frameworks */ = {
			isa = PBXFrameworksBuildPhase;
			buildActionMask = 2147483647;
			files = (
			);
			runOnlyForDeploymentPostprocessing = 0;
		};
		D71DCDB11BB828DD00FAF68D /* Frameworks */ = {
			isa = PBXFrameworksBuildPhase;
			buildActionMask = 2147483647;
			files = (
			);
			runOnlyForDeploymentPostprocessing = 0;
		};
/* End PBXFrameworksBuildPhase section */

/* Begin PBXGroup section */
		D71DCD891BB828DD00FAF68D = {
			isa = PBXGroup;
			children = (
				D75964C31C1C0DF6002F05B1 /* ModelTest */,
				D71DCDAC1BB828DD00FAF68D /* ModelTestTests */,
				D71DCDB71BB828DD00FAF68D /* ModelTestUITests */,
				D71DCD931BB828DD00FAF68D /* Products */,
			);
			sourceTree = "<group>";
		};
		D71DCD931BB828DD00FAF68D /* Products */ = {
			isa = PBXGroup;
			children = (
				D71DCD921BB828DD00FAF68D /* ModelTest.app */,
				D71DCDA91BB828DD00FAF68D /* ModelTestTests.xctest */,
				D71DCDB41BB828DD00FAF68D /* ModelTestUITests.xctest */,
			);
			name = Products;
			sourceTree = "<group>";
		};
		D71DCDAC1BB828DD00FAF68D /* ModelTestTests */ = {
			isa = PBXGroup;
			children = (
				D71DCDAD1BB828DD00FAF68D /* ModelTestTests.swift */,
				D71DCDAF1BB828DD00FAF68D /* Info.plist */,
			);
			path = ModelTestTests;
			sourceTree = "<group>";
		};
		D71DCDB71BB828DD00FAF68D /* ModelTestUITests */ = {
			isa = PBXGroup;
			children = (
				D71DCDB81BB828DD00FAF68D /* ModelTestUITests.swift */,
				D71DCDBA1BB828DD00FAF68D /* Info.plist */,
			);
			path = ModelTestUITests;
			sourceTree = "<group>";
		};
		D75964C31C1C0DF6002F05B1 /* ModelTest */ = {
			isa = PBXGroup;
			children = (
				D75964C41C1C0DF6002F05B1 /* Resource */,
				D75964CB1C1C0DF6002F05B1 /* Source */,
			);
			path = ModelTest;
			sourceTree = "<group>";
		};
		D75964C41C1C0DF6002F05B1 /* Resource */ = {
			isa = PBXGroup;
			children = (
				D75964C51C1C0DF6002F05B1 /* Assets.xcassets */,
				D75964C61C1C0DF6002F05B1 /* Interface */,
				D75964C91C1C0DF6002F05B1 /* Supporting Files */,
			);
			path = Resource;
			sourceTree = "<group>";
		};
		D75964C61C1C0DF6002F05B1 /* Interface */ = {
			isa = PBXGroup;
			children = (
				D75964C71C1C0DF6002F05B1 /* LaunchScreen.storyboard */,
				D75964C81C1C0DF6002F05B1 /* Main.storyboard */,
			);
			path = Interface;
			sourceTree = "<group>";
		};
		D75964C91C1C0DF6002F05B1 /* Supporting Files */ = {
			isa = PBXGroup;
			children = (
				D75964CA1C1C0DF6002F05B1 /* Info.plist */,
			);
			path = "Supporting Files";
			sourceTree = "<group>";
		};
		D75964CB1C1C0DF6002F05B1 /* Source */ = {
			isa = PBXGroup;
			children = (
				D75964CC1C1C0DF6002F05B1 /* AppDelegate.swift */,
				D75964CD1C1C0DF6002F05B1 /* Model */,
				D75964CF1C1C0DF6002F05B1 /* Service */,
				D75964D11C1C0DF6002F05B1 /* ViewControllers */,
			);
			path = Source;
			sourceTree = "<group>";
		};
		D75964CD1C1C0DF6002F05B1 /* Model */ = {
			isa = PBXGroup;
			children = (
				D75964CE1C1C0DF6002F05B1 /* Book.swift */,
			);
			path = Model;
			sourceTree = "<group>";
		};
		D75964CF1C1C0DF6002F05B1 /* Service */ = {
			isa = PBXGroup;
			children = (
				D75964D01C1C0DF6002F05B1 /* Service.swift */,
			);
			path = Service;
			sourceTree = "<group>";
		};
		D75964D11C1C0DF6002F05B1 /* ViewControllers */ = {
			isa = PBXGroup;
			children = (
				D75964D21C1C0DF6002F05B1 /* ViewController.swift */,
			);
			path = ViewControllers;
			sourceTree = "<group>";
		};
/* End PBXGroup section */

/* Begin PBXNativeTarget section */
		D71DCD911BB828DD00FAF68D /* ModelTest */ = {
			isa = PBXNativeTarget;
			buildConfigurationList = D71DCDBD1BB828DD00FAF68D /* Build configuration list for PBXNativeTarget "ModelTest" */;
			buildPhases = (
				D71DCD8E1BB828DD00FAF68D /* Sources */,
				D71DCD8F1BB828DD00FAF68D /* Frameworks */,
				D71DCD901BB828DD00FAF68D /* Resources */,
			);
			buildRules = (
			);
			dependencies = (
			);
			name = ModelTest;
			productName = ModelTest;
			productReference = D71DCD921BB828DD00FAF68D /* ModelTest.app */;
			productType = "com.apple.product-type.application";
		};
		D71DCDA81BB828DD00FAF68D /* ModelTestTests */ = {
			isa = PBXNativeTarget;
			buildConfigurationList = D71DCDC01BB828DD00FAF68D /* Build configuration list for PBXNativeTarget "ModelTestTests" */;
			buildPhases = (
				D71DCDA51BB828DD00FAF68D /* Sources */,
				D71DCDA61BB828DD00FAF68D /* Frameworks */,
				D71DCDA71BB828DD00FAF68D /* Resources */,
			);
			buildRules = (
			);
			dependencies = (
				D71DCDAB1BB828DD00FAF68D /* PBXTargetDependency */,
			);
			name = ModelTestTests;
			productName = ModelTestTests;
			productReference = D71DCDA91BB828DD00FAF68D /* ModelTestTests.xctest */;
			productType = "com.apple.product-type.bundle.unit-test";
		};
		D71DCDB31BB828DD00FAF68D /* ModelTestUITests */ = {
			isa = PBXNativeTarget;
			buildConfigurationList = D71DCDC31BB828DD00FAF68D /* Build configuration list for PBXNativeTarget "ModelTestUITests" */;
			buildPhases = (
				D71DCDB01BB828DD00FAF68D /* Sources */,
				D71DCDB11BB828DD00FAF68D /* Frameworks */,
				D71DCDB21BB828DD00FAF68D /* Resources */,
			);
			buildRules = (
			);
			dependencies = (
				D71DCDB61BB828DD00FAF68D /* PBXTargetDependency */,
			);
			name = ModelTestUITests;
			productName = ModelTestUITests;
			productReference = D71DCDB41BB828DD00FAF68D /* ModelTestUITests.xctest */;
			productType = "com.apple.product-type.bundle.ui-testing";
		};
/* End PBXNativeTarget section */

/* Begin PBXProject section */
		D71DCD8A1BB828DD00FAF68D /* Project object */ = {
			isa = PBXProject;
			attributes = {
				LastSwiftUpdateCheck = 0700;
				LastUpgradeCheck = 0710;
				ORGANIZATIONNAME = "Geraldo Bastos";
				TargetAttributes = {
					D71DCD911BB828DD00FAF68D = {
						CreatedOnToolsVersion = 7.0;
					};
					D71DCDA81BB828DD00FAF68D = {
						CreatedOnToolsVersion = 7.0;
						TestTargetID = D71DCD911BB828DD00FAF68D;
					};
					D71DCDB31BB828DD00FAF68D = {
						CreatedOnToolsVersion = 7.0;
						TestTargetID = D71DCD911BB828DD00FAF68D;
					};
				};
			};
			buildConfigurationList = D71DCD8D1BB828DD00FAF68D /* Build configuration list for PBXProject "ModelTest" */;
			compatibilityVersion = "Xcode 3.2";
			developmentRegion = English;
			hasScannedForEncodings = 0;
			knownRegions = (
				en,
				Base,
			);
			mainGroup = D71DCD891BB828DD00FAF68D;
			productRefGroup = D71DCD931BB828DD00FAF68D /* Products */;
			projectDirPath = "";
			projectRoot = "";
			targets = (
				D71DCD911BB828DD00FAF68D /* ModelTest */,
				D71DCDA81BB828DD00FAF68D /* ModelTestTests */,
				D71DCDB31BB828DD00FAF68D /* ModelTestUITests */,
			);
		};
/* End PBXProject section */

/* Begin PBXResourcesBuildPhase section */
		D71DCD901BB828DD00FAF68D /* Resources */ = {
			isa = PBXResourcesBuildPhase;
			buildActionMask = 2147483647;
			files = (
				D75964D51C1C0DF6002F05B1 /* Main.storyboard in Resources */,
				D75964D31C1C0DF6002F05B1 /* Assets.xcassets in Resources */,
				D75964D41C1C0DF6002F05B1 /* LaunchScreen.storyboard in Resources */,
			);
			runOnlyForDeploymentPostprocessing = 0;
		};
		D71DCDA71BB828DD00FAF68D /* Resources */ = {
			isa = PBXResourcesBuildPhase;
			buildActionMask = 2147483647;
			files = (
			);
			runOnlyForDeploymentPostprocessing = 0;
		};
		D71DCDB21BB828DD00FAF68D /* Resources */ = {
			isa = PBXResourcesBuildPhase;
			buildActionMask = 2147483647;
			files = (
			);
			runOnlyForDeploymentPostprocessing = 0;
		};
/* End PBXResourcesBuildPhase section */

/* Begin PBXSourcesBuildPhase section */
		D71DCD8E1BB828DD00FAF68D /* Sources */ = {
			isa = PBXSourcesBuildPhase;
			buildActionMask = 2147483647;
			files = (
				D75964D81C1C0DF6002F05B1 /* Book.swift in Sources */,
				D75964D71C1C0DF6002F05B1 /* AppDelegate.swift in Sources */,
				D75964DA1C1C0DF6002F05B1 /* ViewController.swift in Sources */,
				D75964D91C1C0DF6002F05B1 /* Service.swift in Sources */,
			);
			runOnlyForDeploymentPostprocessing = 0;
		};
		D71DCDA51BB828DD00FAF68D /* Sources */ = {
			isa = PBXSourcesBuildPhase;
			buildActionMask = 2147483647;
			files = (
				D71DCDAE1BB828DD00FAF68D /* ModelTestTests.swift in Sources */,
			);
			runOnlyForDeploymentPostprocessing = 0;
		};
		D71DCDB01BB828DD00FAF68D /* Sources */ = {
			isa = PBXSourcesBuildPhase;
			buildActionMask = 2147483647;
			files = (
				D71DCDB91BB828DD00FAF68D /* ModelTestUITests.swift in Sources */,
			);
			runOnlyForDeploymentPostprocessing = 0;
		};
/* End PBXSourcesBuildPhase section */

/* Begin PBXTargetDependency section */
		D71DCDAB1BB828DD00FAF68D /* PBXTargetDependency */ = {
			isa = PBXTargetDependency;
			target = D71DCD911BB828DD00FAF68D /* ModelTest */;
			targetProxy = D71DCDAA1BB828DD00FAF68D /* PBXContainerItemProxy */;
		};
		D71DCDB61BB828DD00FAF68D /* PBXTargetDependency */ = {
			isa = PBXTargetDependency;
			target = D71DCD911BB828DD00FAF68D /* ModelTest */;
			targetProxy = D71DCDB51BB828DD00FAF68D /* PBXContainerItemProxy */;
		};
/* End PBXTargetDependency section */

/* Begin XCBuildConfiguration section */
		D71DCDBB1BB828DD00FAF68D /* Debug */ = {
			isa = XCBuildConfiguration;
			buildSettings = {
				ALWAYS_SEARCH_USER_PATHS = NO;
				CLANG_CXX_LANGUAGE_STANDARD = "gnu++0x";
				CLANG_CXX_LIBRARY = "libc++";
				CLANG_ENABLE_MODULES = YES;
				CLANG_ENABLE_OBJC_ARC = YES;
				CLANG_WARN_BOOL_CONVERSION = YES;
				CLANG_WARN_CONSTANT_CONVERSION = YES;
				CLANG_WARN_DIRECT_OBJC_ISA_USAGE = YES_ERROR;
				CLANG_WARN_EMPTY_BODY = YES;
				CLANG_WARN_ENUM_CONVERSION = YES;
				CLANG_WARN_INT_CONVERSION = YES;
				CLANG_WARN_OBJC_ROOT_CLASS = YES_ERROR;
				CLANG_WARN_UNREACHABLE_CODE = YES;
				CLANG_WARN__DUPLICATE_METHOD_MATCH = YES;
				"CODE_SIGN_IDENTITY[sdk=iphoneos*]" = "iPhone Developer";
				COPY_PHASE_STRIP = NO;
				DEBUG_INFORMATION_FORMAT = dwarf;
				ENABLE_STRICT_OBJC_MSGSEND = YES;
				ENABLE_TESTABILITY = YES;
				GCC_C_LANGUAGE_STANDARD = gnu99;
				GCC_DYNAMIC_NO_PIC = NO;
				GCC_NO_COMMON_BLOCKS = YES;
				GCC_OPTIMIZATION_LEVEL = 0;
				GCC_PREPROCESSOR_DEFINITIONS = (
					"DEBUG=1",
					"$(inherited)",
				);
				GCC_WARN_64_TO_32_BIT_CONVERSION = YES;
				GCC_WARN_ABOUT_RETURN_TYPE = YES_ERROR;
				GCC_WARN_UNDECLARED_SELECTOR = YES;
				GCC_WARN_UNINITIALIZED_AUTOS = YES_AGGRESSIVE;
				GCC_WARN_UNUSED_FUNCTION = YES;
				GCC_WARN_UNUSED_VARIABLE = YES;
				IPHONEOS_DEPLOYMENT_TARGET = 9.0;
				MTL_ENABLE_DEBUG_INFO = YES;
				ONLY_ACTIVE_ARCH = YES;
				SDKROOT = iphoneos;
				SWIFT_OPTIMIZATION_LEVEL = "-Onone";
				TARGETED_DEVICE_FAMILY = "1,2";
			};
			name = Debug;
		};
		D71DCDBC1BB828DD00FAF68D /* Release */ = {
			isa = XCBuildConfiguration;
			buildSettings = {
				ALWAYS_SEARCH_USER_PATHS = NO;
				CLANG_CXX_LANGUAGE_STANDARD = "gnu++0x";
				CLANG_CXX_LIBRARY = "libc++";
				CLANG_ENABLE_MODULES = YES;
				CLANG_ENABLE_OBJC_ARC = YES;
				CLANG_WARN_BOOL_CONVERSION = YES;
				CLANG_WARN_CONSTANT_CONVERSION = YES;
				CLANG_WARN_DIRECT_OBJC_ISA_USAGE = YES_ERROR;
				CLANG_WARN_EMPTY_BODY = YES;
				CLANG_WARN_ENUM_CONVERSION = YES;
				CLANG_WARN_INT_CONVERSION = YES;
				CLANG_WARN_OBJC_ROOT_CLASS = YES_ERROR;
				CLANG_WARN_UNREACHABLE_CODE = YES;
				CLANG_WARN__DUPLICATE_METHOD_MATCH = YES;
				"CODE_SIGN_IDENTITY[sdk=iphoneos*]" = "iPhone Developer";
				COPY_PHASE_STRIP = NO;
				DEBUG_INFORMATION_FORMAT = "dwarf-with-dsym";
				ENABLE_NS_ASSERTIONS = NO;
				ENABLE_STRICT_OBJC_MSGSEND = YES;
				GCC_C_LANGUAGE_STANDARD = gnu99;
				GCC_NO_COMMON_BLOCKS = YES;
				GCC_WARN_64_TO_32_BIT_CONVERSION = YES;
				GCC_WARN_ABOUT_RETURN_TYPE = YES_ERROR;
				GCC_WARN_UNDECLARED_SELECTOR = YES;
				GCC_WARN_UNINITIALIZED_AUTOS = YES_AGGRESSIVE;
				GCC_WARN_UNUSED_FUNCTION = YES;
				GCC_WARN_UNUSED_VARIABLE = YES;
				IPHONEOS_DEPLOYMENT_TARGET = 9.0;
				MTL_ENABLE_DEBUG_INFO = NO;
				SDKROOT = iphoneos;
				TARGETED_DEVICE_FAMILY = "1,2";
				VALIDATE_PRODUCT = YES;
			};
			name = Release;
		};
		D71DCDBE1BB828DD00FAF68D /* Debug */ = {
			isa = XCBuildConfiguration;
			buildSettings = {
				ASSETCATALOG_COMPILER_APPICON_NAME = AppIcon;
				CLANG_ENABLE_MODULES = YES;
				GCC_GENERATE_TEST_COVERAGE_FILES = NO;
				INFOPLIST_FILE = "$(SRCROOT)/ModelTest/Resource/Supporting Files/Info.plist";
				LD_RUNPATH_SEARCH_PATHS = "$(inherited) @executable_path/Frameworks";
				PRODUCT_BUNDLE_IDENTIFIER = com.geraldobastos.ModelTest;
				PRODUCT_NAME = "$(TARGET_NAME)";
				SWIFT_OPTIMIZATION_LEVEL = "-Onone";
			};
			name = Debug;
		};
		D71DCDBF1BB828DD00FAF68D /* Release */ = {
			isa = XCBuildConfiguration;
			buildSettings = {
				ASSETCATALOG_COMPILER_APPICON_NAME = AppIcon;
				CLANG_ENABLE_MODULES = YES;
				GCC_GENERATE_TEST_COVERAGE_FILES = NO;
				INFOPLIST_FILE = "$(SRCROOT)/ModelTest/Resource/Supporting Files/Info.plist";
				LD_RUNPATH_SEARCH_PATHS = "$(inherited) @executable_path/Frameworks";
				PRODUCT_BUNDLE_IDENTIFIER = com.geraldobastos.ModelTest;
				PRODUCT_NAME = "$(TARGET_NAME)";
			};
			name = Release;
		};
		D71DCDC11BB828DD00FAF68D /* Debug */ = {
			isa = XCBuildConfiguration;
			buildSettings = {
				BUNDLE_LOADER = "$(TEST_HOST)";
				INFOPLIST_FILE = ModelTestTests/Info.plist;
				LD_RUNPATH_SEARCH_PATHS = "$(inherited) @executable_path/Frameworks @loader_path/Frameworks";
				PRODUCT_BUNDLE_IDENTIFIER = com.geraldobastos.ModelTestTests;
				PRODUCT_NAME = "$(TARGET_NAME)";
				TEST_HOST = "$(BUILT_PRODUCTS_DIR)/ModelTest.app/ModelTest";
			};
			name = Debug;
		};
		D71DCDC21BB828DD00FAF68D /* Release */ = {
			isa = XCBuildConfiguration;
			buildSettings = {
				BUNDLE_LOADER = "$(TEST_HOST)";
				INFOPLIST_FILE = ModelTestTests/Info.plist;
				LD_RUNPATH_SEARCH_PATHS = "$(inherited) @executable_path/Frameworks @loader_path/Frameworks";
				PRODUCT_BUNDLE_IDENTIFIER = com.geraldobastos.ModelTestTests;
				PRODUCT_NAME = "$(TARGET_NAME)";
				TEST_HOST = "$(BUILT_PRODUCTS_DIR)/ModelTest.app/ModelTest";
			};
			name = Release;
		};
		D71DCDC41BB828DD00FAF68D /* Debug */ = {
			isa = XCBuildConfiguration;
			buildSettings = {
				INFOPLIST_FILE = ModelTestUITests/Info.plist;
				LD_RUNPATH_SEARCH_PATHS = "$(inherited) @executable_path/Frameworks @loader_path/Frameworks";
				PRODUCT_BUNDLE_IDENTIFIER = com.geraldobastos.ModelTestUITests;
				PRODUCT_NAME = "$(TARGET_NAME)";
				TEST_TARGET_NAME = ModelTest;
				USES_XCTRUNNER = YES;
			};
			name = Debug;
		};
		D71DCDC51BB828DD00FAF68D /* Release */ = {
			isa = XCBuildConfiguration;
			buildSettings = {
				INFOPLIST_FILE = ModelTestUITests/Info.plist;
				LD_RUNPATH_SEARCH_PATHS = "$(inherited) @executable_path/Frameworks @loader_path/Frameworks";
				PRODUCT_BUNDLE_IDENTIFIER = com.geraldobastos.ModelTestUITests;
				PRODUCT_NAME = "$(TARGET_NAME)";
				TEST_TARGET_NAME = ModelTest;
				USES_XCTRUNNER = YES;
			};
			name = Release;
		};
/* End XCBuildConfiguration section */

/* Begin XCConfigurationList section */
		D71DCD8D1BB828DD00FAF68D /* Build configuration list for PBXProject "ModelTest" */ = {
			isa = XCConfigurationList;
			buildConfigurations = (
				D71DCDBB1BB828DD00FAF68D /* Debug */,
				D71DCDBC1BB828DD00FAF68D /* Release */,
			);
			defaultConfigurationIsVisible = 0;
			defaultConfigurationName = Release;
		};
		D71DCDBD1BB828DD00FAF68D /* Build configuration list for PBXNativeTarget "ModelTest" */ = {
			isa = XCConfigurationList;
			buildConfigurations = (
				D71DCDBE1BB828DD00FAF68D /* Debug */,
				D71DCDBF1BB828DD00FAF68D /* Release */,
			);
			defaultConfigurationIsVisible = 0;
			defaultConfigurationName = Release;
		};
		D71DCDC01BB828DD00FAF68D /* Build configuration list for PBXNativeTarget "ModelTestTests" */ = {
			isa = XCConfigurationList;
			buildConfigurations = (
				D71DCDC11BB828DD00FAF68D /* Debug */,
				D71DCDC21BB828DD00FAF68D /* Release */,
			);
			defaultConfigurationIsVisible = 0;
			defaultConfigurationName = Release;
		};
		D71DCDC31BB828DD00FAF68D /* Build configuration list for PBXNativeTarget "ModelTestUITests" */ = {
			isa = XCConfigurationList;
			buildConfigurations = (
				D71DCDC41BB828DD00FAF68D /* Debug */,
				D71DCDC51BB828DD00FAF68D /* Release */,
			);
			defaultConfigurationIsVisible = 0;
			defaultConfigurationName = Release;
		};
/* End XCConfigurationList section */
	};
	rootObject = D71DCD8A1BB828DD00FAF68D /* Project object */;
}
