// !$*UTF8*$!
{
	archiveVersion = 1;
	classes = {
	};
	objectVersion = 46;
	objects = {

/* Begin PBXBuildFile section */
		D76311B41C026A5900C45215 /* StubbyServiceTests.swift in Sources */ = {isa = PBXBuildFile; fileRef = D79C99501B7E33E300AEF3CB /* StubbyServiceTests.swift */; };
		D79066841C1ACA980040F226 /* Images.xcassets in Resources */ = {isa = PBXBuildFile; fileRef = D79066781C1ACA980040F226 /* Images.xcassets */; };
		D79066861C1ACA980040F226 /* Main.storyboard in Resources */ = {isa = PBXBuildFile; fileRef = D790667B1C1ACA980040F226 /* Main.storyboard */; };
		D79066881C1ACA980040F226 /* AppDelegate.swift in Sources */ = {isa = PBXBuildFile; fileRef = D790667F1C1ACA980040F226 /* AppDelegate.swift */; };
		D79066891C1ACA980040F226 /* StubbyService.swift in Sources */ = {isa = PBXBuildFile; fileRef = D79066811C1ACA980040F226 /* StubbyService.swift */; };
		D790668A1C1ACA980040F226 /* ViewController.swift in Sources */ = {isa = PBXBuildFile; fileRef = D79066831C1ACA980040F226 /* ViewController.swift */; };
		D790668C1C1ACC6B0040F226 /* Launch Screen.storyboard in Resources */ = {isa = PBXBuildFile; fileRef = D790668B1C1ACC6B0040F226 /* Launch Screen.storyboard */; };
/* End PBXBuildFile section */

/* Begin PBXContainerItemProxy section */
		D79C99361B7E309500AEF3CB /* PBXContainerItemProxy */ = {
			isa = PBXContainerItemProxy;
			containerPortal = D79C99181B7E309400AEF3CB /* Project object */;
			proxyType = 1;
			remoteGlobalIDString = D79C991F1B7E309400AEF3CB;
			remoteInfo = stubby4Node;
		};
/* End PBXContainerItemProxy section */

/* Begin PBXFileReference section */
		D79066781C1ACA980040F226 /* Images.xcassets */ = {isa = PBXFileReference; lastKnownFileType = folder.assetcatalog; path = Images.xcassets; sourceTree = "<group>"; };
		D790667B1C1ACA980040F226 /* Main.storyboard */ = {isa = PBXFileReference; fileEncoding = 4; lastKnownFileType = file.storyboard; path = Main.storyboard; sourceTree = "<group>"; };
		D790667D1C1ACA980040F226 /* Info.plist */ = {isa = PBXFileReference; fileEncoding = 4; lastKnownFileType = text.plist.xml; path = Info.plist; sourceTree = "<group>"; };
		D790667F1C1ACA980040F226 /* AppDelegate.swift */ = {isa = PBXFileReference; fileEncoding = 4; lastKnownFileType = sourcecode.swift; path = AppDelegate.swift; sourceTree = "<group>"; };
		D79066811C1ACA980040F226 /* StubbyService.swift */ = {isa = PBXFileReference; fileEncoding = 4; lastKnownFileType = sourcecode.swift; path = StubbyService.swift; sourceTree = "<group>"; };
		D79066831C1ACA980040F226 /* ViewController.swift */ = {isa = PBXFileReference; fileEncoding = 4; lastKnownFileType = sourcecode.swift; path = ViewController.swift; sourceTree = "<group>"; };
		D790668B1C1ACC6B0040F226 /* Launch Screen.storyboard */ = {isa = PBXFileReference; fileEncoding = 4; lastKnownFileType = file.storyboard; path = "Launch Screen.storyboard"; sourceTree = "<group>"; };
		D79C99201B7E309400AEF3CB /* stubby4Node.app */ = {isa = PBXFileReference; explicitFileType = wrapper.application; includeInIndex = 0; path = stubby4Node.app; sourceTree = BUILT_PRODUCTS_DIR; };
		D79C99351B7E309500AEF3CB /* stubby4NodeTests.xctest */ = {isa = PBXFileReference; explicitFileType = wrapper.cfbundle; includeInIndex = 0; path = stubby4NodeTests.xctest; sourceTree = BUILT_PRODUCTS_DIR; };
		D79C993A1B7E309500AEF3CB /* Info.plist */ = {isa = PBXFileReference; lastKnownFileType = text.plist.xml; path = Info.plist; sourceTree = "<group>"; };
		D79C99501B7E33E300AEF3CB /* StubbyServiceTests.swift */ = {isa = PBXFileReference; fileEncoding = 4; lastKnownFileType = sourcecode.swift; path = StubbyServiceTests.swift; sourceTree = "<group>"; };
/* End PBXFileReference section */

/* Begin PBXFrameworksBuildPhase section */
		D79C991D1B7E309400AEF3CB /* Frameworks */ = {
			isa = PBXFrameworksBuildPhase;
			buildActionMask = 2147483647;
			files = (
			);
			runOnlyForDeploymentPostprocessing = 0;
		};
		D79C99321B7E309500AEF3CB /* Frameworks */ = {
			isa = PBXFrameworksBuildPhase;
			buildActionMask = 2147483647;
			files = (
			);
			runOnlyForDeploymentPostprocessing = 0;
		};
/* End PBXFrameworksBuildPhase section */

/* Begin PBXGroup section */
		D79066761C1ACA980040F226 /* stubby4Node */ = {
			isa = PBXGroup;
			children = (
				D79066771C1ACA980040F226 /* Resource */,
				D790667E1C1ACA980040F226 /* Source */,
			);
			path = stubby4Node;
			sourceTree = "<group>";
		};
		D79066771C1ACA980040F226 /* Resource */ = {
			isa = PBXGroup;
			children = (
				D79066781C1ACA980040F226 /* Images.xcassets */,
				D79066791C1ACA980040F226 /* Interface */,
				D790667C1C1ACA980040F226 /* Supporting Files */,
			);
			path = Resource;
			sourceTree = "<group>";
		};
		D79066791C1ACA980040F226 /* Interface */ = {
			isa = PBXGroup;
			children = (
				D790667B1C1ACA980040F226 /* Main.storyboard */,
				D790668B1C1ACC6B0040F226 /* Launch Screen.storyboard */,
			);
			path = Interface;
			sourceTree = "<group>";
		};
		D790667C1C1ACA980040F226 /* Supporting Files */ = {
			isa = PBXGroup;
			children = (
				D790667D1C1ACA980040F226 /* Info.plist */,
			);
			path = "Supporting Files";
			sourceTree = "<group>";
		};
		D790667E1C1ACA980040F226 /* Source */ = {
			isa = PBXGroup;
			children = (
				D790667F1C1ACA980040F226 /* AppDelegate.swift */,
				D79066801C1ACA980040F226 /* Service */,
				D79066821C1ACA980040F226 /* ViewControllers */,
			);
			path = Source;
			sourceTree = "<group>";
		};
		D79066801C1ACA980040F226 /* Service */ = {
			isa = PBXGroup;
			children = (
				D79066811C1ACA980040F226 /* StubbyService.swift */,
			);
			path = Service;
			sourceTree = "<group>";
		};
		D79066821C1ACA980040F226 /* ViewControllers */ = {
			isa = PBXGroup;
			children = (
				D79066831C1ACA980040F226 /* ViewController.swift */,
			);
			path = ViewControllers;
			sourceTree = "<group>";
		};
		D79C99171B7E309400AEF3CB = {
			isa = PBXGroup;
			children = (
				D79066761C1ACA980040F226 /* stubby4Node */,
				D79C99381B7E309500AEF3CB /* stubby4NodeTests */,
				D79C99211B7E309400AEF3CB /* Products */,
			);
			sourceTree = "<group>";
		};
		D79C99211B7E309400AEF3CB /* Products */ = {
			isa = PBXGroup;
			children = (
				D79C99201B7E309400AEF3CB /* stubby4Node.app */,
				D79C99351B7E309500AEF3CB /* stubby4NodeTests.xctest */,
			);
			name = Products;
			sourceTree = "<group>";
		};
		D79C99381B7E309500AEF3CB /* stubby4NodeTests */ = {
			isa = PBXGroup;
			children = (
				D79C99501B7E33E300AEF3CB /* StubbyServiceTests.swift */,
				D79C993A1B7E309500AEF3CB /* Info.plist */,
			);
			path = stubby4NodeTests;
			sourceTree = "<group>";
		};
/* End PBXGroup section */

/* Begin PBXNativeTarget section */
		D79C991F1B7E309400AEF3CB /* stubby4Node */ = {
			isa = PBXNativeTarget;
			buildConfigurationList = D79C993F1B7E309500AEF3CB /* Build configuration list for PBXNativeTarget "stubby4Node" */;
			buildPhases = (
				D79C991C1B7E309400AEF3CB /* Sources */,
				D79C991D1B7E309400AEF3CB /* Frameworks */,
				D79C991E1B7E309400AEF3CB /* Resources */,
			);
			buildRules = (
			);
			dependencies = (
			);
			name = stubby4Node;
			productName = stubby4Node;
			productReference = D79C99201B7E309400AEF3CB /* stubby4Node.app */;
			productType = "com.apple.product-type.application";
		};
		D79C99341B7E309500AEF3CB /* stubby4NodeTests */ = {
			isa = PBXNativeTarget;
			buildConfigurationList = D79C99421B7E309500AEF3CB /* Build configuration list for PBXNativeTarget "stubby4NodeTests" */;
			buildPhases = (
				D79C99311B7E309500AEF3CB /* Sources */,
				D79C99321B7E309500AEF3CB /* Frameworks */,
				D79C99331B7E309500AEF3CB /* Resources */,
			);
			buildRules = (
			);
			dependencies = (
				D79C99371B7E309500AEF3CB /* PBXTargetDependency */,
			);
			name = stubby4NodeTests;
			productName = stubby4NodeTests;
			productReference = D79C99351B7E309500AEF3CB /* stubby4NodeTests.xctest */;
			productType = "com.apple.product-type.bundle.unit-test";
		};
/* End PBXNativeTarget section */

/* Begin PBXProject section */
		D79C99181B7E309400AEF3CB /* Project object */ = {
			isa = PBXProject;
			attributes = {
				LastSwiftMigration = 0710;
				LastSwiftUpdateCheck = 0710;
				LastUpgradeCheck = 0710;
				ORGANIZATIONNAME = "Geraldo Bastos";
				TargetAttributes = {
					D79C991F1B7E309400AEF3CB = {
						CreatedOnToolsVersion = 6.4;
					};
					D79C99341B7E309500AEF3CB = {
						CreatedOnToolsVersion = 6.4;
						TestTargetID = D79C991F1B7E309400AEF3CB;
					};
				};
			};
			buildConfigurationList = D79C991B1B7E309400AEF3CB /* Build configuration list for PBXProject "stubby4Node" */;
			compatibilityVersion = "Xcode 3.2";
			developmentRegion = English;
			hasScannedForEncodings = 0;
			knownRegions = (
				en,
				Base,
			);
			mainGroup = D79C99171B7E309400AEF3CB;
			productRefGroup = D79C99211B7E309400AEF3CB /* Products */;
			projectDirPath = "";
			projectRoot = "";
			targets = (
				D79C991F1B7E309400AEF3CB /* stubby4Node */,
				D79C99341B7E309500AEF3CB /* stubby4NodeTests */,
			);
		};
/* End PBXProject section */

/* Begin PBXResourcesBuildPhase section */
		D79C991E1B7E309400AEF3CB /* Resources */ = {
			isa = PBXResourcesBuildPhase;
			buildActionMask = 2147483647;
			files = (
				D79066861C1ACA980040F226 /* Main.storyboard in Resources */,
				D790668C1C1ACC6B0040F226 /* Launch Screen.storyboard in Resources */,
				D79066841C1ACA980040F226 /* Images.xcassets in Resources */,
			);
			runOnlyForDeploymentPostprocessing = 0;
		};
		D79C99331B7E309500AEF3CB /* Resources */ = {
			isa = PBXResourcesBuildPhase;
			buildActionMask = 2147483647;
			files = (
			);
			runOnlyForDeploymentPostprocessing = 0;
		};
/* End PBXResourcesBuildPhase section */

/* Begin PBXSourcesBuildPhase section */
		D79C991C1B7E309400AEF3CB /* Sources */ = {
			isa = PBXSourcesBuildPhase;
			buildActionMask = 2147483647;
			files = (
				D790668A1C1ACA980040F226 /* ViewController.swift in Sources */,
				D79066891C1ACA980040F226 /* StubbyService.swift in Sources */,
				D79066881C1ACA980040F226 /* AppDelegate.swift in Sources */,
			);
			runOnlyForDeploymentPostprocessing = 0;
		};
		D79C99311B7E309500AEF3CB /* Sources */ = {
			isa = PBXSourcesBuildPhase;
			buildActionMask = 2147483647;
			files = (
				D76311B41C026A5900C45215 /* StubbyServiceTests.swift in Sources */,
			);
			runOnlyForDeploymentPostprocessing = 0;
		};
/* End PBXSourcesBuildPhase section */

/* Begin PBXTargetDependency section */
		D79C99371B7E309500AEF3CB /* PBXTargetDependency */ = {
			isa = PBXTargetDependency;
			target = D79C991F1B7E309400AEF3CB /* stubby4Node */;
			targetProxy = D79C99361B7E309500AEF3CB /* PBXContainerItemProxy */;
		};
/* End PBXTargetDependency section */

/* Begin XCBuildConfiguration section */
		D79C993D1B7E309500AEF3CB /* Debug */ = {
			isa = XCBuildConfiguration;
			buildSettings = {
				ALWAYS_SEARCH_USER_PATHS = NO;
				CLANG_CXX_LANGUAGE_STANDARD = "gnu++0x";
				CLANG_CXX_LIBRARY = "libc++";
				CLANG_ENABLE_MODULES = YES;
				CLANG_ENABLE_OBJC_ARC = YES;
				CLANG_WARN_BOOL_CONVERSION = YES;
				CLANG_WARN_CONSTANT_CONVERSION = YES;
				CLANG_WARN_DIRECT_OBJC_ISA_USAGE = YES_ERROR;
				CLANG_WARN_EMPTY_BODY = YES;
				CLANG_WARN_ENUM_CONVERSION = YES;
				CLANG_WARN_INT_CONVERSION = YES;
				CLANG_WARN_OBJC_ROOT_CLASS = YES_ERROR;
				CLANG_WARN_UNREACHABLE_CODE = YES;
				CLANG_WARN__DUPLICATE_METHOD_MATCH = YES;
				"CODE_SIGN_IDENTITY[sdk=iphoneos*]" = "iPhone Developer";
				COPY_PHASE_STRIP = NO;
				DEBUG_INFORMATION_FORMAT = "dwarf-with-dsym";
				ENABLE_STRICT_OBJC_MSGSEND = YES;
				ENABLE_TESTABILITY = YES;
				GCC_C_LANGUAGE_STANDARD = gnu99;
				GCC_DYNAMIC_NO_PIC = NO;
				GCC_NO_COMMON_BLOCKS = YES;
				GCC_OPTIMIZATION_LEVEL = 0;
				GCC_PREPROCESSOR_DEFINITIONS = (
					"DEBUG=1",
					"$(inherited)",
				);
				GCC_SYMBOLS_PRIVATE_EXTERN = NO;
				GCC_WARN_64_TO_32_BIT_CONVERSION = YES;
				GCC_WARN_ABOUT_RETURN_TYPE = YES_ERROR;
				GCC_WARN_UNDECLARED_SELECTOR = YES;
				GCC_WARN_UNINITIALIZED_AUTOS = YES_AGGRESSIVE;
				GCC_WARN_UNUSED_FUNCTION = YES;
				GCC_WARN_UNUSED_VARIABLE = YES;
				IPHONEOS_DEPLOYMENT_TARGET = 8.0;
				MTL_ENABLE_DEBUG_INFO = YES;
				ONLY_ACTIVE_ARCH = YES;
				SDKROOT = iphoneos;
				SWIFT_OPTIMIZATION_LEVEL = "-Onone";
			};
			name = Debug;
		};
		D79C993E1B7E309500AEF3CB /* Release */ = {
			isa = XCBuildConfiguration;
			buildSettings = {
				ALWAYS_SEARCH_USER_PATHS = NO;
				CLANG_CXX_LANGUAGE_STANDARD = "gnu++0x";
				CLANG_CXX_LIBRARY = "libc++";
				CLANG_ENABLE_MODULES = YES;
				CLANG_ENABLE_OBJC_ARC = YES;
				CLANG_WARN_BOOL_CONVERSION = YES;
				CLANG_WARN_CONSTANT_CONVERSION = YES;
				CLANG_WARN_DIRECT_OBJC_ISA_USAGE = YES_ERROR;
				CLANG_WARN_EMPTY_BODY = YES;
				CLANG_WARN_ENUM_CONVERSION = YES;
				CLANG_WARN_INT_CONVERSION = YES;
				CLANG_WARN_OBJC_ROOT_CLASS = YES_ERROR;
				CLANG_WARN_UNREACHABLE_CODE = YES;
				CLANG_WARN__DUPLICATE_METHOD_MATCH = YES;
				"CODE_SIGN_IDENTITY[sdk=iphoneos*]" = "iPhone Developer";
				COPY_PHASE_STRIP = NO;
				DEBUG_INFORMATION_FORMAT = "dwarf-with-dsym";
				ENABLE_NS_ASSERTIONS = NO;
				ENABLE_STRICT_OBJC_MSGSEND = YES;
				GCC_C_LANGUAGE_STANDARD = gnu99;
				GCC_NO_COMMON_BLOCKS = YES;
				GCC_WARN_64_TO_32_BIT_CONVERSION = YES;
				GCC_WARN_ABOUT_RETURN_TYPE = YES_ERROR;
				GCC_WARN_UNDECLARED_SELECTOR = YES;
				GCC_WARN_UNINITIALIZED_AUTOS = YES_AGGRESSIVE;
				GCC_WARN_UNUSED_FUNCTION = YES;
				GCC_WARN_UNUSED_VARIABLE = YES;
				IPHONEOS_DEPLOYMENT_TARGET = 8.0;
				MTL_ENABLE_DEBUG_INFO = NO;
				SDKROOT = iphoneos;
				VALIDATE_PRODUCT = YES;
			};
			name = Release;
		};
		D79C99401B7E309500AEF3CB /* Debug */ = {
			isa = XCBuildConfiguration;
			buildSettings = {
				ASSETCATALOG_COMPILER_APPICON_NAME = AppIcon;
				INFOPLIST_FILE = "$(SRCROOT)/stubby4Node/Resource/Supporting Files/Info.plist";
				IPHONEOS_DEPLOYMENT_TARGET = 8.0;
				LD_RUNPATH_SEARCH_PATHS = "$(inherited) @executable_path/Frameworks";
				PRODUCT_BUNDLE_IDENTIFIER = "com.geraldobastos.$(PRODUCT_NAME:rfc1034identifier)";
				PRODUCT_NAME = "$(TARGET_NAME)";
			};
			name = Debug;
		};
		D79C99411B7E309500AEF3CB /* Release */ = {
			isa = XCBuildConfiguration;
			buildSettings = {
				ASSETCATALOG_COMPILER_APPICON_NAME = AppIcon;
				INFOPLIST_FILE = "$(SRCROOT)/stubby4Node/Resource/Supporting Files/Info.plist";
				IPHONEOS_DEPLOYMENT_TARGET = 8.0;
				LD_RUNPATH_SEARCH_PATHS = "$(inherited) @executable_path/Frameworks";
				PRODUCT_BUNDLE_IDENTIFIER = "com.geraldobastos.$(PRODUCT_NAME:rfc1034identifier)";
				PRODUCT_NAME = "$(TARGET_NAME)";
			};
			name = Release;
		};
		D79C99431B7E309500AEF3CB /* Debug */ = {
			isa = XCBuildConfiguration;
			buildSettings = {
				BUNDLE_LOADER = "$(TEST_HOST)";
				FRAMEWORK_SEARCH_PATHS = (
					"$(SDKROOT)/Developer/Library/Frameworks",
					"$(inherited)",
				);
				GCC_PREPROCESSOR_DEFINITIONS = (
					"DEBUG=1",
					"$(inherited)",
				);
				INFOPLIST_FILE = "$(SRCROOT)/stubby4NodeTests/Info.plist";
				LD_RUNPATH_SEARCH_PATHS = "$(inherited) @executable_path/Frameworks @loader_path/Frameworks";
				PRODUCT_BUNDLE_IDENTIFIER = "com.geraldobastos.$(PRODUCT_NAME:rfc1034identifier)";
				PRODUCT_NAME = "$(TARGET_NAME)";
				TEST_HOST = "$(BUILT_PRODUCTS_DIR)/stubby4Node.app/stubby4Node";
			};
			name = Debug;
		};
		D79C99441B7E309500AEF3CB /* Release */ = {
			isa = XCBuildConfiguration;
			buildSettings = {
				BUNDLE_LOADER = "$(TEST_HOST)";
				FRAMEWORK_SEARCH_PATHS = (
					"$(SDKROOT)/Developer/Library/Frameworks",
					"$(inherited)",
				);
				INFOPLIST_FILE = "$(SRCROOT)/stubby4NodeTests/Info.plist";
				LD_RUNPATH_SEARCH_PATHS = "$(inherited) @executable_path/Frameworks @loader_path/Frameworks";
				PRODUCT_BUNDLE_IDENTIFIER = "com.geraldobastos.$(PRODUCT_NAME:rfc1034identifier)";
				PRODUCT_NAME = "$(TARGET_NAME)";
				TEST_HOST = "$(BUILT_PRODUCTS_DIR)/stubby4Node.app/stubby4Node";
			};
			name = Release;
		};
/* End XCBuildConfiguration section */

/* Begin XCConfigurationList section */
		D79C991B1B7E309400AEF3CB /* Build configuration list for PBXProject "stubby4Node" */ = {
			isa = XCConfigurationList;
			buildConfigurations = (
				D79C993D1B7E309500AEF3CB /* Debug */,
				D79C993E1B7E309500AEF3CB /* Release */,
			);
			defaultConfigurationIsVisible = 0;
			defaultConfigurationName = Release;
		};
		D79C993F1B7E309500AEF3CB /* Build configuration list for PBXNativeTarget "stubby4Node" */ = {
			isa = XCConfigurationList;
			buildConfigurations = (
				D79C99401B7E309500AEF3CB /* Debug */,
				D79C99411B7E309500AEF3CB /* Release */,
			);
			defaultConfigurationIsVisible = 0;
			defaultConfigurationName = Release;
		};
		D79C99421B7E309500AEF3CB /* Build configuration list for PBXNativeTarget "stubby4NodeTests" */ = {
			isa = XCConfigurationList;
			buildConfigurations = (
				D79C99431B7E309500AEF3CB /* Debug */,
				D79C99441B7E309500AEF3CB /* Release */,
			);
			defaultConfigurationIsVisible = 0;
			defaultConfigurationName = Release;
		};
/* End XCConfigurationList section */
	};
	rootObject = D79C99181B7E309400AEF3CB /* Project object */;
}
