// !$*UTF8*$!
{
	archiveVersion = 1;
	classes = {
	};
	objectVersion = 46;
	objects = {

/* Begin PBXBuildFile section */
		D77EAC9A1BF8BE25006ACCF6 /* TestNotificationTests.swift in Sources */ = {isa = PBXBuildFile; fileRef = D77EAC991BF8BE25006ACCF6 /* TestNotificationTests.swift */; };
		D790669C1C1ACD120040F226 /* Assets.xcassets in Resources */ = {isa = PBXBuildFile; fileRef = D790668F1C1ACD120040F226 /* Assets.xcassets */; };
		D790669D1C1ACD120040F226 /* LaunchScreen.storyboard in Resources */ = {isa = PBXBuildFile; fileRef = D79066911C1ACD120040F226 /* LaunchScreen.storyboard */; };
		D790669E1C1ACD120040F226 /* Main.storyboard in Resources */ = {isa = PBXBuildFile; fileRef = D79066921C1ACD120040F226 /* Main.storyboard */; };
		D790669F1C1ACD120040F226 /* Info.plist in Resources */ = {isa = PBXBuildFile; fileRef = D79066941C1ACD120040F226 /* Info.plist */; };
		D79066A01C1ACD120040F226 /* AppDelegate.swift in Sources */ = {isa = PBXBuildFile; fileRef = D79066961C1ACD120040F226 /* AppDelegate.swift */; };
		D79066A11C1ACD120040F226 /* Constants.swift in Sources */ = {isa = PBXBuildFile; fileRef = D79066971C1ACD120040F226 /* Constants.swift */; };
		D79066A21C1ACD120040F226 /* CustomCell.swift in Sources */ = {isa = PBXBuildFile; fileRef = D790669A1C1ACD120040F226 /* CustomCell.swift */; };
		D79066A31C1ACD120040F226 /* ViewController.swift in Sources */ = {isa = PBXBuildFile; fileRef = D790669B1C1ACD120040F226 /* ViewController.swift */; };
/* End PBXBuildFile section */

/* Begin PBXContainerItemProxy section */
		D77EAC961BF8BE25006ACCF6 /* PBXContainerItemProxy */ = {
			isa = PBXContainerItemProxy;
			containerPortal = D77EAC791BF8BE25006ACCF6 /* Project object */;
			proxyType = 1;
			remoteGlobalIDString = D77EAC801BF8BE25006ACCF6;
			remoteInfo = TestNotification;
		};
/* End PBXContainerItemProxy section */

/* Begin PBXFileReference section */
		D77EAC811BF8BE25006ACCF6 /* TestNotification.app */ = {isa = PBXFileReference; explicitFileType = wrapper.application; includeInIndex = 0; path = TestNotification.app; sourceTree = BUILT_PRODUCTS_DIR; };
		D77EAC951BF8BE25006ACCF6 /* TestNotificationTests.xctest */ = {isa = PBXFileReference; explicitFileType = wrapper.cfbundle; includeInIndex = 0; path = TestNotificationTests.xctest; sourceTree = BUILT_PRODUCTS_DIR; };
		D77EAC991BF8BE25006ACCF6 /* TestNotificationTests.swift */ = {isa = PBXFileReference; lastKnownFileType = sourcecode.swift; path = TestNotificationTests.swift; sourceTree = "<group>"; };
		D77EAC9B1BF8BE25006ACCF6 /* Info.plist */ = {isa = PBXFileReference; lastKnownFileType = text.plist.xml; path = Info.plist; sourceTree = "<group>"; };
		D790668F1C1ACD120040F226 /* Assets.xcassets */ = {isa = PBXFileReference; lastKnownFileType = folder.assetcatalog; path = Assets.xcassets; sourceTree = "<group>"; };
		D79066911C1ACD120040F226 /* LaunchScreen.storyboard */ = {isa = PBXFileReference; fileEncoding = 4; lastKnownFileType = file.storyboard; path = LaunchScreen.storyboard; sourceTree = "<group>"; };
		D79066921C1ACD120040F226 /* Main.storyboard */ = {isa = PBXFileReference; fileEncoding = 4; lastKnownFileType = file.storyboard; path = Main.storyboard; sourceTree = "<group>"; };
		D79066941C1ACD120040F226 /* Info.plist */ = {isa = PBXFileReference; fileEncoding = 4; lastKnownFileType = text.plist.xml; path = Info.plist; sourceTree = "<group>"; };
		D79066961C1ACD120040F226 /* AppDelegate.swift */ = {isa = PBXFileReference; fileEncoding = 4; lastKnownFileType = sourcecode.swift; path = AppDelegate.swift; sourceTree = "<group>"; };
		D79066971C1ACD120040F226 /* Constants.swift */ = {isa = PBXFileReference; fileEncoding = 4; lastKnownFileType = sourcecode.swift; path = Constants.swift; sourceTree = "<group>"; };
		D790669A1C1ACD120040F226 /* CustomCell.swift */ = {isa = PBXFileReference; fileEncoding = 4; lastKnownFileType = sourcecode.swift; path = CustomCell.swift; sourceTree = "<group>"; };
		D790669B1C1ACD120040F226 /* ViewController.swift */ = {isa = PBXFileReference; fileEncoding = 4; lastKnownFileType = sourcecode.swift; path = ViewController.swift; sourceTree = "<group>"; };
/* End PBXFileReference section */

/* Begin PBXFrameworksBuildPhase section */
		D77EAC7E1BF8BE25006ACCF6 /* Frameworks */ = {
			isa = PBXFrameworksBuildPhase;
			buildActionMask = 2147483647;
			files = (
			);
			runOnlyForDeploymentPostprocessing = 0;
		};
		D77EAC921BF8BE25006ACCF6 /* Frameworks */ = {
			isa = PBXFrameworksBuildPhase;
			buildActionMask = 2147483647;
			files = (
			);
			runOnlyForDeploymentPostprocessing = 0;
		};
/* End PBXFrameworksBuildPhase section */

/* Begin PBXGroup section */
		D77EAC781BF8BE25006ACCF6 = {
			isa = PBXGroup;
			children = (
				D790668D1C1ACD120040F226 /* TestNotification */,
				D77EAC981BF8BE25006ACCF6 /* TestNotificationTests */,
				D77EAC821BF8BE25006ACCF6 /* Products */,
			);
			sourceTree = "<group>";
		};
		D77EAC821BF8BE25006ACCF6 /* Products */ = {
			isa = PBXGroup;
			children = (
				D77EAC811BF8BE25006ACCF6 /* TestNotification.app */,
				D77EAC951BF8BE25006ACCF6 /* TestNotificationTests.xctest */,
			);
			name = Products;
			sourceTree = "<group>";
		};
		D77EAC981BF8BE25006ACCF6 /* TestNotificationTests */ = {
			isa = PBXGroup;
			children = (
				D77EAC991BF8BE25006ACCF6 /* TestNotificationTests.swift */,
				D77EAC9B1BF8BE25006ACCF6 /* Info.plist */,
			);
			path = TestNotificationTests;
			sourceTree = "<group>";
		};
		D790668D1C1ACD120040F226 /* TestNotification */ = {
			isa = PBXGroup;
			children = (
				D790668E1C1ACD120040F226 /* Resource */,
				D79066951C1ACD120040F226 /* Source */,
			);
			path = TestNotification;
			sourceTree = "<group>";
		};
		D790668E1C1ACD120040F226 /* Resource */ = {
			isa = PBXGroup;
			children = (
				D790668F1C1ACD120040F226 /* Assets.xcassets */,
				D79066901C1ACD120040F226 /* Interface */,
				D79066931C1ACD120040F226 /* Supporting Files */,
			);
			path = Resource;
			sourceTree = "<group>";
		};
		D79066901C1ACD120040F226 /* Interface */ = {
			isa = PBXGroup;
			children = (
				D79066911C1ACD120040F226 /* LaunchScreen.storyboard */,
				D79066921C1ACD120040F226 /* Main.storyboard */,
			);
			path = Interface;
			sourceTree = "<group>";
		};
		D79066931C1ACD120040F226 /* Supporting Files */ = {
			isa = PBXGroup;
			children = (
				D79066941C1ACD120040F226 /* Info.plist */,
			);
			path = "Supporting Files";
			sourceTree = "<group>";
		};
		D79066951C1ACD120040F226 /* Source */ = {
			isa = PBXGroup;
			children = (
				D79066961C1ACD120040F226 /* AppDelegate.swift */,
				D79066971C1ACD120040F226 /* Constants.swift */,
				D79066981C1ACD120040F226 /* ViewControllers */,
			);
			path = Source;
			sourceTree = "<group>";
		};
		D79066981C1ACD120040F226 /* ViewControllers */ = {
			isa = PBXGroup;
			children = (
				D79066991C1ACD120040F226 /* View */,
				D790669B1C1ACD120040F226 /* ViewController.swift */,
			);
			path = ViewControllers;
			sourceTree = "<group>";
		};
		D79066991C1ACD120040F226 /* View */ = {
			isa = PBXGroup;
			children = (
				D790669A1C1ACD120040F226 /* CustomCell.swift */,
			);
			path = View;
			sourceTree = "<group>";
		};
/* End PBXGroup section */

/* Begin PBXNativeTarget section */
		D77EAC801BF8BE25006ACCF6 /* TestNotification */ = {
			isa = PBXNativeTarget;
			buildConfigurationList = D77EAC9E1BF8BE25006ACCF6 /* Build configuration list for PBXNativeTarget "TestNotification" */;
			buildPhases = (
				D77EAC7D1BF8BE25006ACCF6 /* Sources */,
				D77EAC7E1BF8BE25006ACCF6 /* Frameworks */,
				D77EAC7F1BF8BE25006ACCF6 /* Resources */,
			);
			buildRules = (
			);
			dependencies = (
			);
			name = TestNotification;
			productName = TestNotification;
			productReference = D77EAC811BF8BE25006ACCF6 /* TestNotification.app */;
			productType = "com.apple.product-type.application";
		};
		D77EAC941BF8BE25006ACCF6 /* TestNotificationTests */ = {
			isa = PBXNativeTarget;
			buildConfigurationList = D77EACA11BF8BE25006ACCF6 /* Build configuration list for PBXNativeTarget "TestNotificationTests" */;
			buildPhases = (
				D77EAC911BF8BE25006ACCF6 /* Sources */,
				D77EAC921BF8BE25006ACCF6 /* Frameworks */,
				D77EAC931BF8BE25006ACCF6 /* Resources */,
			);
			buildRules = (
			);
			dependencies = (
				D77EAC971BF8BE25006ACCF6 /* PBXTargetDependency */,
			);
			name = TestNotificationTests;
			productName = TestNotificationTests;
			productReference = D77EAC951BF8BE25006ACCF6 /* TestNotificationTests.xctest */;
			productType = "com.apple.product-type.bundle.unit-test";
		};
/* End PBXNativeTarget section */

/* Begin PBXProject section */
		D77EAC791BF8BE25006ACCF6 /* Project object */ = {
			isa = PBXProject;
			attributes = {
				LastSwiftUpdateCheck = 0710;
				LastUpgradeCheck = 0710;
				ORGANIZATIONNAME = GeraldoBastos;
				TargetAttributes = {
					D77EAC801BF8BE25006ACCF6 = {
						CreatedOnToolsVersion = 7.1;
						DevelopmentTeam = K2ZN674E5H;
					};
					D77EAC941BF8BE25006ACCF6 = {
						CreatedOnToolsVersion = 7.1;
						DevelopmentTeam = K2ZN674E5H;
						TestTargetID = D77EAC801BF8BE25006ACCF6;
					};
				};
			};
			buildConfigurationList = D77EAC7C1BF8BE25006ACCF6 /* Build configuration list for PBXProject "TestNotification" */;
			compatibilityVersion = "Xcode 3.2";
			developmentRegion = English;
			hasScannedForEncodings = 0;
			knownRegions = (
				en,
				Base,
			);
			mainGroup = D77EAC781BF8BE25006ACCF6;
			productRefGroup = D77EAC821BF8BE25006ACCF6 /* Products */;
			projectDirPath = "";
			projectRoot = "";
			targets = (
				D77EAC801BF8BE25006ACCF6 /* TestNotification */,
				D77EAC941BF8BE25006ACCF6 /* TestNotificationTests */,
			);
		};
/* End PBXProject section */

/* Begin PBXResourcesBuildPhase section */
		D77EAC7F1BF8BE25006ACCF6 /* Resources */ = {
			isa = PBXResourcesBuildPhase;
			buildActionMask = 2147483647;
			files = (
				D790669F1C1ACD120040F226 /* Info.plist in Resources */,
				D790669E1C1ACD120040F226 /* Main.storyboard in Resources */,
				D790669C1C1ACD120040F226 /* Assets.xcassets in Resources */,
				D790669D1C1ACD120040F226 /* LaunchScreen.storyboard in Resources */,
			);
			runOnlyForDeploymentPostprocessing = 0;
		};
		D77EAC931BF8BE25006ACCF6 /* Resources */ = {
			isa = PBXResourcesBuildPhase;
			buildActionMask = 2147483647;
			files = (
			);
			runOnlyForDeploymentPostprocessing = 0;
		};
/* End PBXResourcesBuildPhase section */

/* Begin PBXSourcesBuildPhase section */
		D77EAC7D1BF8BE25006ACCF6 /* Sources */ = {
			isa = PBXSourcesBuildPhase;
			buildActionMask = 2147483647;
			files = (
				D79066A01C1ACD120040F226 /* AppDelegate.swift in Sources */,
				D79066A21C1ACD120040F226 /* CustomCell.swift in Sources */,
				D79066A31C1ACD120040F226 /* ViewController.swift in Sources */,
				D79066A11C1ACD120040F226 /* Constants.swift in Sources */,
			);
			runOnlyForDeploymentPostprocessing = 0;
		};
		D77EAC911BF8BE25006ACCF6 /* Sources */ = {
			isa = PBXSourcesBuildPhase;
			buildActionMask = 2147483647;
			files = (
				D77EAC9A1BF8BE25006ACCF6 /* TestNotificationTests.swift in Sources */,
			);
			runOnlyForDeploymentPostprocessing = 0;
		};
/* End PBXSourcesBuildPhase section */

/* Begin PBXTargetDependency section */
		D77EAC971BF8BE25006ACCF6 /* PBXTargetDependency */ = {
			isa = PBXTargetDependency;
			target = D77EAC801BF8BE25006ACCF6 /* TestNotification */;
			targetProxy = D77EAC961BF8BE25006ACCF6 /* PBXContainerItemProxy */;
		};
/* End PBXTargetDependency section */

/* Begin XCBuildConfiguration section */
		D77EAC9C1BF8BE25006ACCF6 /* Debug */ = {
			isa = XCBuildConfiguration;
			buildSettings = {
				ALWAYS_SEARCH_USER_PATHS = NO;
				CLANG_CXX_LANGUAGE_STANDARD = "gnu++0x";
				CLANG_CXX_LIBRARY = "libc++";
				CLANG_ENABLE_MODULES = YES;
				CLANG_ENABLE_OBJC_ARC = YES;
				CLANG_WARN_BOOL_CONVERSION = YES;
				CLANG_WARN_CONSTANT_CONVERSION = YES;
				CLANG_WARN_DIRECT_OBJC_ISA_USAGE = YES_ERROR;
				CLANG_WARN_EMPTY_BODY = YES;
				CLANG_WARN_ENUM_CONVERSION = YES;
				CLANG_WARN_INT_CONVERSION = YES;
				CLANG_WARN_OBJC_ROOT_CLASS = YES_ERROR;
				CLANG_WARN_UNREACHABLE_CODE = YES;
				CLANG_WARN__DUPLICATE_METHOD_MATCH = YES;
				"CODE_SIGN_IDENTITY[sdk=iphoneos*]" = "iPhone Developer";
				COPY_PHASE_STRIP = NO;
				DEBUG_INFORMATION_FORMAT = dwarf;
				ENABLE_STRICT_OBJC_MSGSEND = YES;
				ENABLE_TESTABILITY = YES;
				GCC_C_LANGUAGE_STANDARD = gnu99;
				GCC_DYNAMIC_NO_PIC = NO;
				GCC_NO_COMMON_BLOCKS = YES;
				GCC_OPTIMIZATION_LEVEL = 0;
				GCC_PREPROCESSOR_DEFINITIONS = (
					"DEBUG=1",
					"$(inherited)",
				);
				GCC_WARN_64_TO_32_BIT_CONVERSION = YES;
				GCC_WARN_ABOUT_RETURN_TYPE = YES_ERROR;
				GCC_WARN_UNDECLARED_SELECTOR = YES;
				GCC_WARN_UNINITIALIZED_AUTOS = YES_AGGRESSIVE;
				GCC_WARN_UNUSED_FUNCTION = YES;
				GCC_WARN_UNUSED_VARIABLE = YES;
				IPHONEOS_DEPLOYMENT_TARGET = 9.1;
				MTL_ENABLE_DEBUG_INFO = YES;
				ONLY_ACTIVE_ARCH = YES;
				SDKROOT = iphoneos;
				SWIFT_OPTIMIZATION_LEVEL = "-Onone";
				TARGETED_DEVICE_FAMILY = "1,2";
			};
			name = Debug;
		};
		D77EAC9D1BF8BE25006ACCF6 /* Release */ = {
			isa = XCBuildConfiguration;
			buildSettings = {
				ALWAYS_SEARCH_USER_PATHS = NO;
				CLANG_CXX_LANGUAGE_STANDARD = "gnu++0x";
				CLANG_CXX_LIBRARY = "libc++";
				CLANG_ENABLE_MODULES = YES;
				CLANG_ENABLE_OBJC_ARC = YES;
				CLANG_WARN_BOOL_CONVERSION = YES;
				CLANG_WARN_CONSTANT_CONVERSION = YES;
				CLANG_WARN_DIRECT_OBJC_ISA_USAGE = YES_ERROR;
				CLANG_WARN_EMPTY_BODY = YES;
				CLANG_WARN_ENUM_CONVERSION = YES;
				CLANG_WARN_INT_CONVERSION = YES;
				CLANG_WARN_OBJC_ROOT_CLASS = YES_ERROR;
				CLANG_WARN_UNREACHABLE_CODE = YES;
				CLANG_WARN__DUPLICATE_METHOD_MATCH = YES;
				"CODE_SIGN_IDENTITY[sdk=iphoneos*]" = "iPhone Developer";
				COPY_PHASE_STRIP = NO;
				DEBUG_INFORMATION_FORMAT = "dwarf-with-dsym";
				ENABLE_NS_ASSERTIONS = NO;
				ENABLE_STRICT_OBJC_MSGSEND = YES;
				GCC_C_LANGUAGE_STANDARD = gnu99;
				GCC_NO_COMMON_BLOCKS = YES;
				GCC_WARN_64_TO_32_BIT_CONVERSION = YES;
				GCC_WARN_ABOUT_RETURN_TYPE = YES_ERROR;
				GCC_WARN_UNDECLARED_SELECTOR = YES;
				GCC_WARN_UNINITIALIZED_AUTOS = YES_AGGRESSIVE;
				GCC_WARN_UNUSED_FUNCTION = YES;
				GCC_WARN_UNUSED_VARIABLE = YES;
				IPHONEOS_DEPLOYMENT_TARGET = 9.1;
				MTL_ENABLE_DEBUG_INFO = NO;
				SDKROOT = iphoneos;
				TARGETED_DEVICE_FAMILY = "1,2";
				VALIDATE_PRODUCT = YES;
			};
			name = Release;
		};
		D77EAC9F1BF8BE25006ACCF6 /* Debug */ = {
			isa = XCBuildConfiguration;
			buildSettings = {
				ASSETCATALOG_COMPILER_APPICON_NAME = AppIcon;
				INFOPLIST_FILE = "$(SRCROOT)/TestNotification/Resource/Supporting Files/Info.plist";
				LD_RUNPATH_SEARCH_PATHS = "$(inherited) @executable_path/Frameworks";
				PRODUCT_BUNDLE_IDENTIFIER = com.GeraldoBastos.TestNotification;
				PRODUCT_NAME = "$(TARGET_NAME)";
			};
			name = Debug;
		};
		D77EACA01BF8BE25006ACCF6 /* Release */ = {
			isa = XCBuildConfiguration;
			buildSettings = {
				ASSETCATALOG_COMPILER_APPICON_NAME = AppIcon;
				INFOPLIST_FILE = "$(SRCROOT)/TestNotification/Resource/Supporting Files/Info.plist";
				LD_RUNPATH_SEARCH_PATHS = "$(inherited) @executable_path/Frameworks";
				PRODUCT_BUNDLE_IDENTIFIER = com.GeraldoBastos.TestNotification;
				PRODUCT_NAME = "$(TARGET_NAME)";
			};
			name = Release;
		};
		D77EACA21BF8BE25006ACCF6 /* Debug */ = {
			isa = XCBuildConfiguration;
			buildSettings = {
				BUNDLE_LOADER = "$(TEST_HOST)";
				INFOPLIST_FILE = "$(SRCROOT)/TestNotificationTests/Info.plist";
				LD_RUNPATH_SEARCH_PATHS = "$(inherited) @executable_path/Frameworks @loader_path/Frameworks";
				PRODUCT_BUNDLE_IDENTIFIER = com.GeraldoBastos.TestNotificationTests;
				PRODUCT_NAME = "$(TARGET_NAME)";
				TEST_HOST = "$(BUILT_PRODUCTS_DIR)/TestNotification.app/TestNotification";
			};
			name = Debug;
		};
		D77EACA31BF8BE25006ACCF6 /* Release */ = {
			isa = XCBuildConfiguration;
			buildSettings = {
				BUNDLE_LOADER = "$(TEST_HOST)";
				INFOPLIST_FILE = "$(SRCROOT)/TestNotificationTests/Info.plist";
				LD_RUNPATH_SEARCH_PATHS = "$(inherited) @executable_path/Frameworks @loader_path/Frameworks";
				PRODUCT_BUNDLE_IDENTIFIER = com.GeraldoBastos.TestNotificationTests;
				PRODUCT_NAME = "$(TARGET_NAME)";
				TEST_HOST = "$(BUILT_PRODUCTS_DIR)/TestNotification.app/TestNotification";
			};
			name = Release;
		};
/* End XCBuildConfiguration section */

/* Begin XCConfigurationList section */
		D77EAC7C1BF8BE25006ACCF6 /* Build configuration list for PBXProject "TestNotification" */ = {
			isa = XCConfigurationList;
			buildConfigurations = (
				D77EAC9C1BF8BE25006ACCF6 /* Debug */,
				D77EAC9D1BF8BE25006ACCF6 /* Release */,
			);
			defaultConfigurationIsVisible = 0;
			defaultConfigurationName = Release;
		};
		D77EAC9E1BF8BE25006ACCF6 /* Build configuration list for PBXNativeTarget "TestNotification" */ = {
			isa = XCConfigurationList;
			buildConfigurations = (
				D77EAC9F1BF8BE25006ACCF6 /* Debug */,
				D77EACA01BF8BE25006ACCF6 /* Release */,
			);
			defaultConfigurationIsVisible = 0;
			defaultConfigurationName = Release;
		};
		D77EACA11BF8BE25006ACCF6 /* Build configuration list for PBXNativeTarget "TestNotificationTests" */ = {
			isa = XCConfigurationList;
			buildConfigurations = (
				D77EACA21BF8BE25006ACCF6 /* Debug */,
				D77EACA31BF8BE25006ACCF6 /* Release */,
			);
			defaultConfigurationIsVisible = 0;
			defaultConfigurationName = Release;
		};
/* End XCConfigurationList section */
	};
	rootObject = D77EAC791BF8BE25006ACCF6 /* Project object */;
}
