// !$*UTF8*$!
{
	archiveVersion = 1;
	classes = {
	};
	objectVersion = 46;
	objects = {

/* Begin PBXBuildFile section */
		D75964F91C1C1192002F05B1 /* Assets.xcassets in Resources */ = {isa = PBXBuildFile; fileRef = D75964EF1C1C1192002F05B1 /* Assets.xcassets */; };
		D75964FA1C1C1192002F05B1 /* LaunchScreen.storyboard in Resources */ = {isa = PBXBuildFile; fileRef = D75964F11C1C1192002F05B1 /* LaunchScreen.storyboard */; };
		D75964FB1C1C1192002F05B1 /* Main.storyboard in Resources */ = {isa = PBXBuildFile; fileRef = D75964F21C1C1192002F05B1 /* Main.storyboard */; };
		D75964FD1C1C1192002F05B1 /* AppDelegate.swift in Sources */ = {isa = PBXBuildFile; fileRef = D75964F61C1C1192002F05B1 /* AppDelegate.swift */; };
		D75964FE1C1C1192002F05B1 /* FormViewController.swift in Sources */ = {isa = PBXBuildFile; fileRef = D75964F81C1C1192002F05B1 /* FormViewController.swift */; };
		D79EDD2B1C09906B002CE927 /* ErrorHandlingTests.swift in Sources */ = {isa = PBXBuildFile; fileRef = D79EDD2A1C09906B002CE927 /* ErrorHandlingTests.swift */; };
/* End PBXBuildFile section */

/* Begin PBXContainerItemProxy section */
		D79EDD271C09906B002CE927 /* PBXContainerItemProxy */ = {
			isa = PBXContainerItemProxy;
			containerPortal = D79EDD0A1C09906B002CE927 /* Project object */;
			proxyType = 1;
			remoteGlobalIDString = D79EDD111C09906B002CE927;
			remoteInfo = ErrorHandling;
		};
/* End PBXContainerItemProxy section */

/* Begin PBXFileReference section */
		D75964EF1C1C1192002F05B1 /* Assets.xcassets */ = {isa = PBXFileReference; lastKnownFileType = folder.assetcatalog; path = Assets.xcassets; sourceTree = "<group>"; };
		D75964F11C1C1192002F05B1 /* LaunchScreen.storyboard */ = {isa = PBXFileReference; fileEncoding = 4; lastKnownFileType = file.storyboard; path = LaunchScreen.storyboard; sourceTree = "<group>"; };
		D75964F21C1C1192002F05B1 /* Main.storyboard */ = {isa = PBXFileReference; fileEncoding = 4; lastKnownFileType = file.storyboard; path = Main.storyboard; sourceTree = "<group>"; };
		D75964F41C1C1192002F05B1 /* Info.plist */ = {isa = PBXFileReference; fileEncoding = 4; lastKnownFileType = text.plist.xml; path = Info.plist; sourceTree = "<group>"; };
		D75964F61C1C1192002F05B1 /* AppDelegate.swift */ = {isa = PBXFileReference; fileEncoding = 4; lastKnownFileType = sourcecode.swift; path = AppDelegate.swift; sourceTree = "<group>"; };
		D75964F81C1C1192002F05B1 /* FormViewController.swift */ = {isa = PBXFileReference; fileEncoding = 4; lastKnownFileType = sourcecode.swift; path = FormViewController.swift; sourceTree = "<group>"; };
		D79EDD121C09906B002CE927 /* ErrorHandling.app */ = {isa = PBXFileReference; explicitFileType = wrapper.application; includeInIndex = 0; path = ErrorHandling.app; sourceTree = BUILT_PRODUCTS_DIR; };
		D79EDD261C09906B002CE927 /* ErrorHandlingTests.xctest */ = {isa = PBXFileReference; explicitFileType = wrapper.cfbundle; includeInIndex = 0; path = ErrorHandlingTests.xctest; sourceTree = BUILT_PRODUCTS_DIR; };
		D79EDD2A1C09906B002CE927 /* ErrorHandlingTests.swift */ = {isa = PBXFileReference; lastKnownFileType = sourcecode.swift; path = ErrorHandlingTests.swift; sourceTree = "<group>"; };
		D79EDD2C1C09906B002CE927 /* Info.plist */ = {isa = PBXFileReference; lastKnownFileType = text.plist.xml; path = Info.plist; sourceTree = "<group>"; };
/* End PBXFileReference section */

/* Begin PBXFrameworksBuildPhase section */
		D79EDD0F1C09906B002CE927 /* Frameworks */ = {
			isa = PBXFrameworksBuildPhase;
			buildActionMask = 2147483647;
			files = (
			);
			runOnlyForDeploymentPostprocessing = 0;
		};
		D79EDD231C09906B002CE927 /* Frameworks */ = {
			isa = PBXFrameworksBuildPhase;
			buildActionMask = 2147483647;
			files = (
			);
			runOnlyForDeploymentPostprocessing = 0;
		};
/* End PBXFrameworksBuildPhase section */

/* Begin PBXGroup section */
		D75964ED1C1C1192002F05B1 /* ErrorHandling */ = {
			isa = PBXGroup;
			children = (
				D75964EE1C1C1192002F05B1 /* Resource */,
				D75964F51C1C1192002F05B1 /* Source */,
			);
			path = ErrorHandling;
			sourceTree = "<group>";
		};
		D75964EE1C1C1192002F05B1 /* Resource */ = {
			isa = PBXGroup;
			children = (
				D75964EF1C1C1192002F05B1 /* Assets.xcassets */,
				D75964F01C1C1192002F05B1 /* Interface */,
				D75964F31C1C1192002F05B1 /* Supporting Files */,
			);
			path = Resource;
			sourceTree = "<group>";
		};
		D75964F01C1C1192002F05B1 /* Interface */ = {
			isa = PBXGroup;
			children = (
				D75964F11C1C1192002F05B1 /* LaunchScreen.storyboard */,
				D75964F21C1C1192002F05B1 /* Main.storyboard */,
			);
			path = Interface;
			sourceTree = "<group>";
		};
		D75964F31C1C1192002F05B1 /* Supporting Files */ = {
			isa = PBXGroup;
			children = (
				D75964F41C1C1192002F05B1 /* Info.plist */,
			);
			path = "Supporting Files";
			sourceTree = "<group>";
		};
		D75964F51C1C1192002F05B1 /* Source */ = {
			isa = PBXGroup;
			children = (
				D75964F61C1C1192002F05B1 /* AppDelegate.swift */,
				D75964F71C1C1192002F05B1 /* ViewControllers */,
			);
			path = Source;
			sourceTree = "<group>";
		};
		D75964F71C1C1192002F05B1 /* ViewControllers */ = {
			isa = PBXGroup;
			children = (
				D75964F81C1C1192002F05B1 /* FormViewController.swift */,
			);
			path = ViewControllers;
			sourceTree = "<group>";
		};
		D79EDD091C09906B002CE927 = {
			isa = PBXGroup;
			children = (
				D75964ED1C1C1192002F05B1 /* ErrorHandling */,
				D79EDD291C09906B002CE927 /* ErrorHandlingTests */,
				D79EDD131C09906B002CE927 /* Products */,
			);
			sourceTree = "<group>";
		};
		D79EDD131C09906B002CE927 /* Products */ = {
			isa = PBXGroup;
			children = (
				D79EDD121C09906B002CE927 /* ErrorHandling.app */,
				D79EDD261C09906B002CE927 /* ErrorHandlingTests.xctest */,
			);
			name = Products;
			sourceTree = "<group>";
		};
		D79EDD291C09906B002CE927 /* ErrorHandlingTests */ = {
			isa = PBXGroup;
			children = (
				D79EDD2A1C09906B002CE927 /* ErrorHandlingTests.swift */,
				D79EDD2C1C09906B002CE927 /* Info.plist */,
			);
			path = ErrorHandlingTests;
			sourceTree = "<group>";
		};
/* End PBXGroup section */

/* Begin PBXNativeTarget section */
		D79EDD111C09906B002CE927 /* ErrorHandling */ = {
			isa = PBXNativeTarget;
			buildConfigurationList = D79EDD2F1C09906B002CE927 /* Build configuration list for PBXNativeTarget "ErrorHandling" */;
			buildPhases = (
				D79EDD0E1C09906B002CE927 /* Sources */,
				D79EDD0F1C09906B002CE927 /* Frameworks */,
				D79EDD101C09906B002CE927 /* Resources */,
			);
			buildRules = (
			);
			dependencies = (
			);
			name = ErrorHandling;
			productName = ErrorHandling;
			productReference = D79EDD121C09906B002CE927 /* ErrorHandling.app */;
			productType = "com.apple.product-type.application";
		};
		D79EDD251C09906B002CE927 /* ErrorHandlingTests */ = {
			isa = PBXNativeTarget;
			buildConfigurationList = D79EDD321C09906B002CE927 /* Build configuration list for PBXNativeTarget "ErrorHandlingTests" */;
			buildPhases = (
				D79EDD221C09906B002CE927 /* Sources */,
				D79EDD231C09906B002CE927 /* Frameworks */,
				D79EDD241C09906B002CE927 /* Resources */,
			);
			buildRules = (
			);
			dependencies = (
				D79EDD281C09906B002CE927 /* PBXTargetDependency */,
			);
			name = ErrorHandlingTests;
			productName = ErrorHandlingTests;
			productReference = D79EDD261C09906B002CE927 /* ErrorHandlingTests.xctest */;
			productType = "com.apple.product-type.bundle.unit-test";
		};
/* End PBXNativeTarget section */

/* Begin PBXProject section */
		D79EDD0A1C09906B002CE927 /* Project object */ = {
			isa = PBXProject;
			attributes = {
				LastSwiftUpdateCheck = 0710;
				LastUpgradeCheck = 0710;
				ORGANIZATIONNAME = GeraldoBastos;
				TargetAttributes = {
					D79EDD111C09906B002CE927 = {
						CreatedOnToolsVersion = 7.1;
						DevelopmentTeam = K2ZN674E5H;
					};
					D79EDD251C09906B002CE927 = {
						CreatedOnToolsVersion = 7.1;
						DevelopmentTeam = K2ZN674E5H;
						TestTargetID = D79EDD111C09906B002CE927;
					};
				};
			};
			buildConfigurationList = D79EDD0D1C09906B002CE927 /* Build configuration list for PBXProject "ErrorHandling" */;
			compatibilityVersion = "Xcode 3.2";
			developmentRegion = English;
			hasScannedForEncodings = 0;
			knownRegions = (
				en,
				Base,
			);
			mainGroup = D79EDD091C09906B002CE927;
			productRefGroup = D79EDD131C09906B002CE927 /* Products */;
			projectDirPath = "";
			projectRoot = "";
			targets = (
				D79EDD111C09906B002CE927 /* ErrorHandling */,
				D79EDD251C09906B002CE927 /* ErrorHandlingTests */,
			);
		};
/* End PBXProject section */

/* Begin PBXResourcesBuildPhase section */
		D79EDD101C09906B002CE927 /* Resources */ = {
			isa = PBXResourcesBuildPhase;
			buildActionMask = 2147483647;
			files = (
				D75964FB1C1C1192002F05B1 /* Main.storyboard in Resources */,
				D75964F91C1C1192002F05B1 /* Assets.xcassets in Resources */,
				D75964FA1C1C1192002F05B1 /* LaunchScreen.storyboard in Resources */,
			);
			runOnlyForDeploymentPostprocessing = 0;
		};
		D79EDD241C09906B002CE927 /* Resources */ = {
			isa = PBXResourcesBuildPhase;
			buildActionMask = 2147483647;
			files = (
			);
			runOnlyForDeploymentPostprocessing = 0;
		};
/* End PBXResourcesBuildPhase section */

/* Begin PBXSourcesBuildPhase section */
		D79EDD0E1C09906B002CE927 /* Sources */ = {
			isa = PBXSourcesBuildPhase;
			buildActionMask = 2147483647;
			files = (
				D75964FE1C1C1192002F05B1 /* FormViewController.swift in Sources */,
				D75964FD1C1C1192002F05B1 /* AppDelegate.swift in Sources */,
			);
			runOnlyForDeploymentPostprocessing = 0;
		};
		D79EDD221C09906B002CE927 /* Sources */ = {
			isa = PBXSourcesBuildPhase;
			buildActionMask = 2147483647;
			files = (
				D79EDD2B1C09906B002CE927 /* ErrorHandlingTests.swift in Sources */,
			);
			runOnlyForDeploymentPostprocessing = 0;
		};
/* End PBXSourcesBuildPhase section */

/* Begin PBXTargetDependency section */
		D79EDD281C09906B002CE927 /* PBXTargetDependency */ = {
			isa = PBXTargetDependency;
			target = D79EDD111C09906B002CE927 /* ErrorHandling */;
			targetProxy = D79EDD271C09906B002CE927 /* PBXContainerItemProxy */;
		};
/* End PBXTargetDependency section */

/* Begin XCBuildConfiguration section */
		D79EDD2D1C09906B002CE927 /* Debug */ = {
			isa = XCBuildConfiguration;
			buildSettings = {
				ALWAYS_SEARCH_USER_PATHS = NO;
				CLANG_CXX_LANGUAGE_STANDARD = "gnu++0x";
				CLANG_CXX_LIBRARY = "libc++";
				CLANG_ENABLE_MODULES = YES;
				CLANG_ENABLE_OBJC_ARC = YES;
				CLANG_WARN_BOOL_CONVERSION = YES;
				CLANG_WARN_CONSTANT_CONVERSION = YES;
				CLANG_WARN_DIRECT_OBJC_ISA_USAGE = YES_ERROR;
				CLANG_WARN_EMPTY_BODY = YES;
				CLANG_WARN_ENUM_CONVERSION = YES;
				CLANG_WARN_INT_CONVERSION = YES;
				CLANG_WARN_OBJC_ROOT_CLASS = YES_ERROR;
				CLANG_WARN_UNREACHABLE_CODE = YES;
				CLANG_WARN__DUPLICATE_METHOD_MATCH = YES;
				"CODE_SIGN_IDENTITY[sdk=iphoneos*]" = "iPhone Developer";
				COPY_PHASE_STRIP = NO;
				DEBUG_INFORMATION_FORMAT = dwarf;
				ENABLE_STRICT_OBJC_MSGSEND = YES;
				ENABLE_TESTABILITY = YES;
				GCC_C_LANGUAGE_STANDARD = gnu99;
				GCC_DYNAMIC_NO_PIC = NO;
				GCC_NO_COMMON_BLOCKS = YES;
				GCC_OPTIMIZATION_LEVEL = 0;
				GCC_PREPROCESSOR_DEFINITIONS = (
					"DEBUG=1",
					"$(inherited)",
				);
				GCC_WARN_64_TO_32_BIT_CONVERSION = YES;
				GCC_WARN_ABOUT_RETURN_TYPE = YES_ERROR;
				GCC_WARN_UNDECLARED_SELECTOR = YES;
				GCC_WARN_UNINITIALIZED_AUTOS = YES_AGGRESSIVE;
				GCC_WARN_UNUSED_FUNCTION = YES;
				GCC_WARN_UNUSED_VARIABLE = YES;
				IPHONEOS_DEPLOYMENT_TARGET = 9.1;
				MTL_ENABLE_DEBUG_INFO = YES;
				ONLY_ACTIVE_ARCH = YES;
				SDKROOT = iphoneos;
				SWIFT_OPTIMIZATION_LEVEL = "-Onone";
				TARGETED_DEVICE_FAMILY = "1,2";
			};
			name = Debug;
		};
		D79EDD2E1C09906B002CE927 /* Release */ = {
			isa = XCBuildConfiguration;
			buildSettings = {
				ALWAYS_SEARCH_USER_PATHS = NO;
				CLANG_CXX_LANGUAGE_STANDARD = "gnu++0x";
				CLANG_CXX_LIBRARY = "libc++";
				CLANG_ENABLE_MODULES = YES;
				CLANG_ENABLE_OBJC_ARC = YES;
				CLANG_WARN_BOOL_CONVERSION = YES;
				CLANG_WARN_CONSTANT_CONVERSION = YES;
				CLANG_WARN_DIRECT_OBJC_ISA_USAGE = YES_ERROR;
				CLANG_WARN_EMPTY_BODY = YES;
				CLANG_WARN_ENUM_CONVERSION = YES;
				CLANG_WARN_INT_CONVERSION = YES;
				CLANG_WARN_OBJC_ROOT_CLASS = YES_ERROR;
				CLANG_WARN_UNREACHABLE_CODE = YES;
				CLANG_WARN__DUPLICATE_METHOD_MATCH = YES;
				"CODE_SIGN_IDENTITY[sdk=iphoneos*]" = "iPhone Developer";
				COPY_PHASE_STRIP = NO;
				DEBUG_INFORMATION_FORMAT = "dwarf-with-dsym";
				ENABLE_NS_ASSERTIONS = NO;
				ENABLE_STRICT_OBJC_MSGSEND = YES;
				GCC_C_LANGUAGE_STANDARD = gnu99;
				GCC_NO_COMMON_BLOCKS = YES;
				GCC_WARN_64_TO_32_BIT_CONVERSION = YES;
				GCC_WARN_ABOUT_RETURN_TYPE = YES_ERROR;
				GCC_WARN_UNDECLARED_SELECTOR = YES;
				GCC_WARN_UNINITIALIZED_AUTOS = YES_AGGRESSIVE;
				GCC_WARN_UNUSED_FUNCTION = YES;
				GCC_WARN_UNUSED_VARIABLE = YES;
				IPHONEOS_DEPLOYMENT_TARGET = 9.1;
				MTL_ENABLE_DEBUG_INFO = NO;
				SDKROOT = iphoneos;
				TARGETED_DEVICE_FAMILY = "1,2";
				VALIDATE_PRODUCT = YES;
			};
			name = Release;
		};
		D79EDD301C09906B002CE927 /* Debug */ = {
			isa = XCBuildConfiguration;
			buildSettings = {
				ASSETCATALOG_COMPILER_APPICON_NAME = AppIcon;
				INFOPLIST_FILE = "$(SRCROOT)/ErrorHandling/Resource/Supporting Files/Info.plist";
				LD_RUNPATH_SEARCH_PATHS = "$(inherited) @executable_path/Frameworks";
				PRODUCT_BUNDLE_IDENTIFIER = com.geraldobastos.ErrorHandling;
				PRODUCT_NAME = "$(TARGET_NAME)";
			};
			name = Debug;
		};
		D79EDD311C09906B002CE927 /* Release */ = {
			isa = XCBuildConfiguration;
			buildSettings = {
				ASSETCATALOG_COMPILER_APPICON_NAME = AppIcon;
				INFOPLIST_FILE = "$(SRCROOT)/ErrorHandling/Resource/Supporting Files/Info.plist";
				LD_RUNPATH_SEARCH_PATHS = "$(inherited) @executable_path/Frameworks";
				PRODUCT_BUNDLE_IDENTIFIER = com.geraldobastos.ErrorHandling;
				PRODUCT_NAME = "$(TARGET_NAME)";
			};
			name = Release;
		};
		D79EDD331C09906B002CE927 /* Debug */ = {
			isa = XCBuildConfiguration;
			buildSettings = {
				BUNDLE_LOADER = "$(TEST_HOST)";
				INFOPLIST_FILE = "$(SRCROOT)/ErrorHandlingTests/Info.plist";
				LD_RUNPATH_SEARCH_PATHS = "$(inherited) @executable_path/Frameworks @loader_path/Frameworks";
				PRODUCT_BUNDLE_IDENTIFIER = com.geraldobastos.ErrorHandlingTests;
				PRODUCT_NAME = "$(TARGET_NAME)";
				TEST_HOST = "$(BUILT_PRODUCTS_DIR)/ErrorHandling.app/ErrorHandling";
			};
			name = Debug;
		};
		D79EDD341C09906B002CE927 /* Release */ = {
			isa = XCBuildConfiguration;
			buildSettings = {
				BUNDLE_LOADER = "$(TEST_HOST)";
				INFOPLIST_FILE = "$(SRCROOT)/ErrorHandlingTests/Info.plist";
				LD_RUNPATH_SEARCH_PATHS = "$(inherited) @executable_path/Frameworks @loader_path/Frameworks";
				PRODUCT_BUNDLE_IDENTIFIER = com.geraldobastos.ErrorHandlingTests;
				PRODUCT_NAME = "$(TARGET_NAME)";
				TEST_HOST = "$(BUILT_PRODUCTS_DIR)/ErrorHandling.app/ErrorHandling";
			};
			name = Release;
		};
/* End XCBuildConfiguration section */

/* Begin XCConfigurationList section */
		D79EDD0D1C09906B002CE927 /* Build configuration list for PBXProject "ErrorHandling" */ = {
			isa = XCConfigurationList;
			buildConfigurations = (
				D79EDD2D1C09906B002CE927 /* Debug */,
				D79EDD2E1C09906B002CE927 /* Release */,
			);
			defaultConfigurationIsVisible = 0;
			defaultConfigurationName = Release;
		};
		D79EDD2F1C09906B002CE927 /* Build configuration list for PBXNativeTarget "ErrorHandling" */ = {
			isa = XCConfigurationList;
			buildConfigurations = (
				D79EDD301C09906B002CE927 /* Debug */,
				D79EDD311C09906B002CE927 /* Release */,
			);
			defaultConfigurationIsVisible = 0;
			defaultConfigurationName = Release;
		};
		D79EDD321C09906B002CE927 /* Build configuration list for PBXNativeTarget "ErrorHandlingTests" */ = {
			isa = XCConfigurationList;
			buildConfigurations = (
				D79EDD331C09906B002CE927 /* Debug */,
				D79EDD341C09906B002CE927 /* Release */,
			);
			defaultConfigurationIsVisible = 0;
			defaultConfigurationName = Release;
		};
/* End XCConfigurationList section */
	};
	rootObject = D79EDD0A1C09906B002CE927 /* Project object */;
}
